<?xml version="1.0" encoding="utf-8"?>
<Project ToolsVersion="4.0" xmlns="http://schemas.microsoft.com/developer/msbuild/2003">
  <ItemGroup>
    <Filter Include="Source Files">
      <UniqueIdentifier>{4FC737F1-C7A5-4376-A066-2A32D752A2FF}</UniqueIdentifier>
      <Extensions>cpp;c;cc;cxx;def;odl;idl;hpj;bat;asm;asmx</Extensions>
    </Filter>
    <Filter Include="Header Files">
      <UniqueIdentifier>{93995380-89BD-4b04-88EB-625FBE52EBFB}</UniqueIdentifier>
      <Extensions>h;hh;hpp;hxx;hm;inl;inc;xsd</Extensions>
    </Filter>
    <Filter Include="Resource Files">
      <UniqueIdentifier>{67DA6AB6-F800-4c08-8B7A-83BB121AAD01}</UniqueIdentifier>
      <Extensions>rc;ico;cur;bmp;dlg;rc2;rct;bin;rgs;gif;jpg;jpeg;jpe;resx;tiff;tif;png;wav;mfcribbon-ms</Extensions>
    </Filter>
  </ItemGroup>
  <ItemGroup>
    <ClCompile Include="src\Source.cpp">
      <Filter>Source Files</Filter>
    </ClCompile>
    <ClCompile Include="src\glad.c">
      <Filter>Source Files</Filter>
    </ClCompile>
    <ClCompile Include="3rdparty\imgui\imgui\imgui.cpp">
      <Filter>Source Files</Filter>
    </ClCompile>
    <ClCompile Include="3rdparty\imgui\imgui\imgui_demo.cpp">
      <Filter>Source Files</Filter>
    </ClCompile>
    <ClCompile Include="3rdparty\imgui\imgui\imgui_draw.cpp">
      <Filter>Source Files</Filter>
    </ClCompile>
    <ClCompile Include="3rdparty\imgui\imgui\imgui_tables.cpp">
      <Filter>Source Files</Filter>
    </ClCompile>
    <ClCompile Include="3rdparty\imgui\imgui\imgui_widgets.cpp">
      <Filter>Source Files</Filter>
    </ClCompile>
    <ClCompile Include="3rdparty\imgui\imgui\backends\imgui_impl_glfw.cpp">
      <Filter>Source Files</Filter>
    </ClCompile>
    <ClCompile Include="3rdparty\imgui\imgui\backends\imgui_impl_opengl3.cpp">
      <Filter>Source Files</Filter>
    </ClCompile>
    <ClCompile Include="src\shape_display.cpp">
      <Filter>Source Files</Filter>
    </ClCompile>
    <ClCompile Include="src\gl_obj.cpp">
      <Filter>Source Files</Filter>
    </ClCompile>
    <ClCompile Include="src\libdxf\3dface.c">
      <Filter>Source Files</Filter>
    </ClCompile>
    <ClCompile Include="src\libdxf\3dline.c">
      <Filter>Source Files</Filter>
    </ClCompile>
    <ClCompile Include="src\libdxf\3dsolid.c">
      <Filter>Source Files</Filter>
    </ClCompile>
    <ClCompile Include="src\libdxf\acad_proxy_entity.c">
      <Filter>Source Files</Filter>
    </ClCompile>
    <ClCompile Include="src\libdxf\appid.c">
      <Filter>Source Files</Filter>
    </ClCompile>
    <ClCompile Include="src\libdxf\arc.c">
      <Filter>Source Files</Filter>
    </ClCompile>
    <ClCompile Include="src\libdxf\attdef.c">
      <Filter>Source Files</Filter>
    </ClCompile>
    <ClCompile Include="src\libdxf\attrib.c">
      <Filter>Source Files</Filter>
    </ClCompile>
    <ClCompile Include="src\libdxf\binary_data.c">
      <Filter>Source Files</Filter>
    </ClCompile>
    <ClCompile Include="src\libdxf\binary_entity_data.c">
      <Filter>Source Files</Filter>
    </ClCompile>
    <ClCompile Include="src\libdxf\binary_graphics_data.c">
      <Filter>Source Files</Filter>
    </ClCompile>
    <ClCompile Include="src\libdxf\block.c">
      <Filter>Source Files</Filter>
    </ClCompile>
    <ClCompile Include="src\libdxf\block_record.c">
      <Filter>Source Files</Filter>
    </ClCompile>
    <ClCompile Include="src\libdxf\body.c">
      <Filter>Source Files</Filter>
    </ClCompile>
    <ClCompile Include="src\libdxf\circle.c">
      <Filter>Source Files</Filter>
    </ClCompile>
    <ClCompile Include="src\libdxf\class.c">
      <Filter>Source Files</Filter>
    </ClCompile>
    <ClCompile Include="src\libdxf\color.c">
      <Filter>Source Files</Filter>
    </ClCompile>
    <ClCompile Include="src\libdxf\comment.c">
      <Filter>Source Files</Filter>
    </ClCompile>
    <ClCompile Include="src\libdxf\dictionary.c">
      <Filter>Source Files</Filter>
    </ClCompile>
    <ClCompile Include="src\libdxf\dictionaryvar.c">
      <Filter>Source Files</Filter>
    </ClCompile>
    <ClCompile Include="src\libdxf\dimension.c">
      <Filter>Source Files</Filter>
    </ClCompile>
    <ClCompile Include="src\libdxf\dimstyle.c">
      <Filter>Source Files</Filter>
    </ClCompile>
    <ClCompile Include="src\libdxf\donut.c">
      <Filter>Source Files</Filter>
    </ClCompile>
    <ClCompile Include="src\libdxf\drawing.c">
      <Filter>Source Files</Filter>
    </ClCompile>
    <ClCompile Include="src\libdxf\ellipse.c">
      <Filter>Source Files</Filter>
    </ClCompile>
    <ClCompile Include="src\libdxf\endblk.c">
      <Filter>Source Files</Filter>
    </ClCompile>
    <ClCompile Include="src\libdxf\endsec.c">
      <Filter>Source Files</Filter>
    </ClCompile>
    <ClCompile Include="src\libdxf\endtab.c">
      <Filter>Source Files</Filter>
    </ClCompile>
    <ClCompile Include="src\libdxf\entities.c">
      <Filter>Source Files</Filter>
    </ClCompile>
    <ClCompile Include="src\libdxf\entity.c">
      <Filter>Source Files</Filter>
    </ClCompile>
    <ClCompile Include="src\libdxf\file.c">
      <Filter>Source Files</Filter>
    </ClCompile>
    <ClCompile Include="src\libdxf\group.c">
      <Filter>Source Files</Filter>
    </ClCompile>
    <ClCompile Include="src\libdxf\hatch.c">
      <Filter>Source Files</Filter>
    </ClCompile>
    <ClCompile Include="src\libdxf\header.c">
      <Filter>Source Files</Filter>
    </ClCompile>
    <ClCompile Include="src\libdxf\helix.c">
      <Filter>Source Files</Filter>
    </ClCompile>
    <ClCompile Include="src\libdxf\idbuffer.c">
      <Filter>Source Files</Filter>
    </ClCompile>
    <ClCompile Include="src\libdxf\image.c">
      <Filter>Source Files</Filter>
    </ClCompile>
    <ClCompile Include="src\libdxf\imagedef.c">
      <Filter>Source Files</Filter>
    </ClCompile>
    <ClCompile Include="src\libdxf\imagedef_reactor.c">
      <Filter>Source Files</Filter>
    </ClCompile>
    <ClCompile Include="src\libdxf\insert.c">
      <Filter>Source Files</Filter>
    </ClCompile>
    <ClCompile Include="src\libdxf\layer.c">
      <Filter>Source Files</Filter>
    </ClCompile>
    <ClCompile Include="src\libdxf\layer_index.c">
      <Filter>Source Files</Filter>
    </ClCompile>
    <ClCompile Include="src\libdxf\layer_name.c">
      <Filter>Source Files</Filter>
    </ClCompile>
    <ClCompile Include="src\libdxf\leader.c">
      <Filter>Source Files</Filter>
    </ClCompile>
    <ClCompile Include="src\libdxf\light.c">
      <Filter>Source Files</Filter>
    </ClCompile>
    <ClCompile Include="src\libdxf\line.c">
      <Filter>Source Files</Filter>
    </ClCompile>
    <ClCompile Include="src\libdxf\ltype.c">
      <Filter>Source Files</Filter>
    </ClCompile>
    <ClCompile Include="src\libdxf\lwpolyline.c">
      <Filter>Source Files</Filter>
    </ClCompile>
    <ClCompile Include="src\libdxf\mesh.c">
      <Filter>Source Files</Filter>
    </ClCompile>
    <ClCompile Include="src\libdxf\mleader.c">
      <Filter>Source Files</Filter>
    </ClCompile>
    <ClCompile Include="src\libdxf\mleaderstyle.c">
      <Filter>Source Files</Filter>
    </ClCompile>
    <ClCompile Include="src\libdxf\mline.c">
      <Filter>Source Files</Filter>
    </ClCompile>
    <ClCompile Include="src\libdxf\mlinestyle.c">
      <Filter>Source Files</Filter>
    </ClCompile>
    <ClCompile Include="src\libdxf\mtext.c">
      <Filter>Source Files</Filter>
    </ClCompile>
    <ClCompile Include="src\libdxf\object.c">
      <Filter>Source Files</Filter>
    </ClCompile>
    <ClCompile Include="src\libdxf\object_id.c">
      <Filter>Source Files</Filter>
    </ClCompile>
    <ClCompile Include="src\libdxf\object_ptr.c">
      <Filter>Source Files</Filter>
    </ClCompile>
    <ClCompile Include="src\libdxf\ole2frame.c">
      <Filter>Source Files</Filter>
    </ClCompile>
    <ClCompile Include="src\libdxf\oleframe.c">
      <Filter>Source Files</Filter>
    </ClCompile>
    <ClCompile Include="src\libdxf\point.c">
      <Filter>Source Files</Filter>
    </ClCompile>
    <ClCompile Include="src\libdxf\polyline.c">
      <Filter>Source Files</Filter>
    </ClCompile>
    <ClCompile Include="src\libdxf\proprietary_data.c">
      <Filter>Source Files</Filter>
    </ClCompile>
    <ClCompile Include="src\libdxf\rastervariables.c">
      <Filter>Source Files</Filter>
    </ClCompile>
    <ClCompile Include="src\libdxf\ray.c">
      <Filter>Source Files</Filter>
    </ClCompile>
    <ClCompile Include="src\libdxf\region.c">
      <Filter>Source Files</Filter>
    </ClCompile>
    <ClCompile Include="src\libdxf\rtext.c">
      <Filter>Source Files</Filter>
    </ClCompile>
    <ClCompile Include="src\libdxf\section.c">
      <Filter>Source Files</Filter>
    </ClCompile>
    <ClCompile Include="src\libdxf\seqend.c">
      <Filter>Source Files</Filter>
    </ClCompile>
    <ClCompile Include="src\libdxf\shape.c">
      <Filter>Source Files</Filter>
    </ClCompile>
    <ClCompile Include="src\libdxf\solid.c">
      <Filter>Source Files</Filter>
    </ClCompile>
    <ClCompile Include="src\libdxf\sortentstable.c">
      <Filter>Source Files</Filter>
    </ClCompile>
    <ClCompile Include="src\libdxf\spatial_filter.c">
      <Filter>Source Files</Filter>
    </ClCompile>
    <ClCompile Include="src\libdxf\spatial_index.c">
      <Filter>Source Files</Filter>
    </ClCompile>
    <ClCompile Include="src\libdxf\spline.c">
      <Filter>Source Files</Filter>
    </ClCompile>
    <ClCompile Include="src\libdxf\style.c">
      <Filter>Source Files</Filter>
    </ClCompile>
    <ClCompile Include="src\libdxf\sun.c">
      <Filter>Source Files</Filter>
    </ClCompile>
    <ClCompile Include="src\libdxf\surface.c">
      <Filter>Source Files</Filter>
    </ClCompile>
    <ClCompile Include="src\libdxf\table.c">
      <Filter>Source Files</Filter>
    </ClCompile>
    <ClCompile Include="src\libdxf\tables.c">
      <Filter>Source Files</Filter>
    </ClCompile>
    <ClCompile Include="src\libdxf\text.c">
      <Filter>Source Files</Filter>
    </ClCompile>
    <ClCompile Include="src\libdxf\thumbnail.c">
      <Filter>Source Files</Filter>
    </ClCompile>
    <ClCompile Include="src\libdxf\tolerance.c">
      <Filter>Source Files</Filter>
    </ClCompile>
    <ClCompile Include="src\libdxf\trace.c">
      <Filter>Source Files</Filter>
    </ClCompile>
    <ClCompile Include="src\libdxf\ucs.c">
      <Filter>Source Files</Filter>
    </ClCompile>
    <ClCompile Include="src\libdxf\util.c">
      <Filter>Source Files</Filter>
    </ClCompile>
    <ClCompile Include="src\libdxf\vertex.c">
      <Filter>Source Files</Filter>
    </ClCompile>
    <ClCompile Include="src\libdxf\view.c">
      <Filter>Source Files</Filter>
    </ClCompile>
    <ClCompile Include="src\libdxf\viewport.c">
      <Filter>Source Files</Filter>
    </ClCompile>
    <ClCompile Include="src\libdxf\vport.c">
      <Filter>Source Files</Filter>
    </ClCompile>
    <ClCompile Include="src\libdxf\xline.c">
      <Filter>Source Files</Filter>
    </ClCompile>
    <ClCompile Include="src\libdxf\xrecord.c">
      <Filter>Source Files</Filter>
    </ClCompile>
  </ItemGroup>
  <ItemGroup>
    <ClInclude Include="3rdparty\imgui\imgui\imconfig.h">
      <Filter>Header Files</Filter>
    </ClInclude>
    <ClInclude Include="3rdparty\imgui\imgui\imgui.h">
      <Filter>Header Files</Filter>
    </ClInclude>
    <ClInclude Include="3rdparty\imgui\imgui\imgui_internal.h">
      <Filter>Header Files</Filter>
    </ClInclude>
    <ClInclude Include="3rdparty\imgui\imgui\imstb_rectpack.h">
      <Filter>Header Files</Filter>
    </ClInclude>
    <ClInclude Include="3rdparty\imgui\imgui\imstb_textedit.h">
      <Filter>Header Files</Filter>
    </ClInclude>
    <ClInclude Include="3rdparty\imgui\imgui\imstb_truetype.h">
      <Filter>Header Files</Filter>
    </ClInclude>
    <ClInclude Include="3rdparty\imgui\imgui\backends\imgui_impl_glfw.h">
      <Filter>Header Files</Filter>
    </ClInclude>
    <ClInclude Include="src\shape_display.h">
      <Filter>Header Files</Filter>
    </ClInclude>
    <ClInclude Include="src\gl_obj.h">
      <Filter>Header Files</Filter>
    </ClInclude>
    <ClInclude Include="src\libdxf\3dface.h">
      <Filter>Header Files</Filter>
    </ClInclude>
    <ClInclude Include="src\libdxf\3dline.h">
      <Filter>Header Files</Filter>
    </ClInclude>
    <ClInclude Include="src\libdxf\3dsolid.h">
      <Filter>Header Files</Filter>
    </ClInclude>
    <ClInclude Include="src\libdxf\acad_proxy_entity.h">
      <Filter>Header Files</Filter>
    </ClInclude>
    <ClInclude Include="src\libdxf\appid.h">
      <Filter>Header Files</Filter>
    </ClInclude>
    <ClInclude Include="src\libdxf\arc.h">
      <Filter>Header Files</Filter>
    </ClInclude>
    <ClInclude Include="src\libdxf\attdef.h">
      <Filter>Header Files</Filter>
    </ClInclude>
    <ClInclude Include="src\libdxf\attrib.h">
      <Filter>Header Files</Filter>
    </ClInclude>
    <ClInclude Include="src\libdxf\binary_data.h">
      <Filter>Header Files</Filter>
    </ClInclude>
    <ClInclude Include="src\libdxf\binary_entity_data.h">
      <Filter>Header Files</Filter>
    </ClInclude>
    <ClInclude Include="src\libdxf\binary_graphics_data.h">
      <Filter>Header Files</Filter>
    </ClInclude>
    <ClInclude Include="src\libdxf\block.h">
      <Filter>Header Files</Filter>
    </ClInclude>
    <ClInclude Include="src\libdxf\block_record.h">
      <Filter>Header Files</Filter>
    </ClInclude>
    <ClInclude Include="src\libdxf\body.h">
      <Filter>Header Files</Filter>
    </ClInclude>
    <ClInclude Include="src\libdxf\circle.h">
      <Filter>Header Files</Filter>
    </ClInclude>
    <ClInclude Include="src\libdxf\class.h">
      <Filter>Header Files</Filter>
    </ClInclude>
    <ClInclude Include="src\libdxf\color.h">
      <Filter>Header Files</Filter>
    </ClInclude>
    <ClInclude Include="src\libdxf\comment.h">
      <Filter>Header Files</Filter>
    </ClInclude>
    <ClInclude Include="src\libdxf\dbg.h">
      <Filter>Header Files</Filter>
    </ClInclude>
    <ClInclude Include="src\libdxf\dictionary.h">
      <Filter>Header Files</Filter>
    </ClInclude>
    <ClInclude Include="src\libdxf\dictionaryvar.h">
      <Filter>Header Files</Filter>
    </ClInclude>
    <ClInclude Include="src\libdxf\dimension.h">
      <Filter>Header Files</Filter>
    </ClInclude>
    <ClInclude Include="src\libdxf\dimstyle.h">
      <Filter>Header Files</Filter>
    </ClInclude>
    <ClInclude Include="src\libdxf\donut.h">
      <Filter>Header Files</Filter>
    </ClInclude>
    <ClInclude Include="src\libdxf\drawing.h">
      <Filter>Header Files</Filter>
    </ClInclude>
    <ClInclude Include="src\libdxf\dxf.h">
      <Filter>Header Files</Filter>
    </ClInclude>
    <ClInclude Include="src\libdxf\ellipse.h">
      <Filter>Header Files</Filter>
    </ClInclude>
    <ClInclude Include="src\libdxf\endblk.h">
      <Filter>Header Files</Filter>
    </ClInclude>
    <ClInclude Include="src\libdxf\endsec.h">
      <Filter>Header Files</Filter>
    </ClInclude>
    <ClInclude Include="src\libdxf\endtab.h">
      <Filter>Header Files</Filter>
    </ClInclude>
    <ClInclude Include="src\libdxf\entities.h">
      <Filter>Header Files</Filter>
    </ClInclude>
    <ClInclude Include="src\libdxf\entity.h">
      <Filter>Header Files</Filter>
    </ClInclude>
    <ClInclude Include="src\libdxf\file.h">
      <Filter>Header Files</Filter>
    </ClInclude>
    <ClInclude Include="src\libdxf\global.h">
      <Filter>Header Files</Filter>
    </ClInclude>
    <ClInclude Include="src\libdxf\group.h">
      <Filter>Header Files</Filter>
    </ClInclude>
    <ClInclude Include="src\libdxf\hatch.h">
      <Filter>Header Files</Filter>
    </ClInclude>
    <ClInclude Include="src\libdxf\header.h">
      <Filter>Header Files</Filter>
    </ClInclude>
    <ClInclude Include="src\libdxf\helix.h">
      <Filter>Header Files</Filter>
    </ClInclude>
    <ClInclude Include="src\libdxf\idbuffer.h">
      <Filter>Header Files</Filter>
    </ClInclude>
    <ClInclude Include="src\libdxf\image.h">
      <Filter>Header Files</Filter>
    </ClInclude>
    <ClInclude Include="src\libdxf\imagedef.h">
      <Filter>Header Files</Filter>
    </ClInclude>
    <ClInclude Include="src\libdxf\imagedef_reactor.h">
      <Filter>Header Files</Filter>
    </ClInclude>
    <ClInclude Include="src\libdxf\insert.h">
      <Filter>Header Files</Filter>
    </ClInclude>
    <ClInclude Include="src\libdxf\layer.h">
      <Filter>Header Files</Filter>
    </ClInclude>
    <ClInclude Include="src\libdxf\layer_index.h">
      <Filter>Header Files</Filter>
    </ClInclude>
    <ClInclude Include="src\libdxf\layer_name.h">
      <Filter>Header Files</Filter>
    </ClInclude>
    <ClInclude Include="src\libdxf\leader.h">
      <Filter>Header Files</Filter>
    </ClInclude>
    <ClInclude Include="src\libdxf\light.h">
      <Filter>Header Files</Filter>
    </ClInclude>
    <ClInclude Include="src\libdxf\line.h">
      <Filter>Header Files</Filter>
    </ClInclude>
    <ClInclude Include="src\libdxf\ltype.h">
      <Filter>Header Files</Filter>
    </ClInclude>
    <ClInclude Include="src\libdxf\lwpolyline.h">
      <Filter>Header Files</Filter>
    </ClInclude>
    <ClInclude Include="src\libdxf\mesh.h">
      <Filter>Header Files</Filter>
    </ClInclude>
    <ClInclude Include="src\libdxf\mleader.h">
      <Filter>Header Files</Filter>
    </ClInclude>
    <ClInclude Include="src\libdxf\mleaderstyle.h">
      <Filter>Header Files</Filter>
    </ClInclude>
    <ClInclude Include="src\libdxf\mline.h">
      <Filter>Header Files</Filter>
    </ClInclude>
    <ClInclude Include="src\libdxf\mlinestyle.h">
      <Filter>Header Files</Filter>
    </ClInclude>
    <ClInclude Include="src\libdxf\mtext.h">
      <Filter>Header Files</Filter>
    </ClInclude>
    <ClInclude Include="src\libdxf\object.h">
      <Filter>Header Files</Filter>
    </ClInclude>
    <ClInclude Include="src\libdxf\object_id.h">
      <Filter>Header Files</Filter>
    </ClInclude>
    <ClInclude Include="src\libdxf\object_ptr.h">
      <Filter>Header Files</Filter>
    </ClInclude>
    <ClInclude Include="src\libdxf\ole2frame.h">
      <Filter>Header Files</Filter>
    </ClInclude>
    <ClInclude Include="src\libdxf\oleframe.h">
      <Filter>Header Files</Filter>
    </ClInclude>
    <ClInclude Include="src\libdxf\param.h">
      <Filter>Header Files</Filter>
    </ClInclude>
    <ClInclude Include="src\libdxf\point.h">
      <Filter>Header Files</Filter>
    </ClInclude>
    <ClInclude Include="src\libdxf\polyline.h">
      <Filter>Header Files</Filter>
    </ClInclude>
    <ClInclude Include="src\libdxf\proprietary_data.h">
      <Filter>Header Files</Filter>
    </ClInclude>
    <ClInclude Include="src\libdxf\rastervariables.h">
      <Filter>Header Files</Filter>
    </ClInclude>
    <ClInclude Include="src\libdxf\ray.h">
      <Filter>Header Files</Filter>
    </ClInclude>
    <ClInclude Include="src\libdxf\region.h">
      <Filter>Header Files</Filter>
    </ClInclude>
    <ClInclude Include="src\libdxf\rtext.h">
      <Filter>Header Files</Filter>
    </ClInclude>
    <ClInclude Include="src\libdxf\section.h">
      <Filter>Header Files</Filter>
    </ClInclude>
    <ClInclude Include="src\libdxf\seqend.h">
      <Filter>Header Files</Filter>
    </ClInclude>
    <ClInclude Include="src\libdxf\shape.h">
      <Filter>Header Files</Filter>
    </ClInclude>
    <ClInclude Include="src\libdxf\solid.h">
      <Filter>Header Files</Filter>
    </ClInclude>
    <ClInclude Include="src\libdxf\sortentstable.h">
      <Filter>Header Files</Filter>
    </ClInclude>
    <ClInclude Include="src\libdxf\spatial_filter.h">
      <Filter>Header Files</Filter>
    </ClInclude>
    <ClInclude Include="src\libdxf\spatial_index.h">
      <Filter>Header Files</Filter>
    </ClInclude>
    <ClInclude Include="src\libdxf\spline.h">
      <Filter>Header Files</Filter>
    </ClInclude>
    <ClInclude Include="src\libdxf\style.h">
      <Filter>Header Files</Filter>
    </ClInclude>
    <ClInclude Include="src\libdxf\sun.h">
      <Filter>Header Files</Filter>
    </ClInclude>
    <ClInclude Include="src\libdxf\surface.h">
      <Filter>Header Files</Filter>
    </ClInclude>
    <ClInclude Include="src\libdxf\table.h">
      <Filter>Header Files</Filter>
    </ClInclude>
    <ClInclude Include="src\libdxf\tables.h">
      <Filter>Header Files</Filter>
    </ClInclude>
    <ClInclude Include="src\libdxf\text.h">
      <Filter>Header Files</Filter>
    </ClInclude>
    <ClInclude Include="src\libdxf\thumbnail.h">
      <Filter>Header Files</Filter>
    </ClInclude>
    <ClInclude Include="src\libdxf\tolerance.h">
      <Filter>Header Files</Filter>
    </ClInclude>
    <ClInclude Include="src\libdxf\trace.h">
      <Filter>Header Files</Filter>
    </ClInclude>
    <ClInclude Include="src\libdxf\ucs.h">
      <Filter>Header Files</Filter>
    </ClInclude>
    <ClInclude Include="src\libdxf\util.h">
      <Filter>Header Files</Filter>
    </ClInclude>
    <ClInclude Include="src\libdxf\vertex.h">
      <Filter>Header Files</Filter>
    </ClInclude>
    <ClInclude Include="src\libdxf\view.h">
      <Filter>Header Files</Filter>
    </ClInclude>
    <ClInclude Include="src\libdxf\viewport.h">
      <Filter>Header Files</Filter>
    </ClInclude>
    <ClInclude Include="src\libdxf\vport.h">
      <Filter>Header Files</Filter>
    </ClInclude>
    <ClInclude Include="src\libdxf\xline.h">
      <Filter>Header Files</Filter>
    </ClInclude>
    <ClInclude Include="src\libdxf\xrecord.h">
      <Filter>Header Files</Filter>
    </ClInclude>
  </ItemGroup>
  <ItemGroup>
    <None Include="3rdparty\imgui\imgui\misc\debuggers\imgui.natstepfilter" />
    <None Include="res\line.fs" />
    <None Include="res\line.vs" />
    <None Include="res\axis.fs" />
    <None Include="res\axis.vs" />
    <None Include="res\arrow.gs" />
    <None Include="res\arrow.vs" />
    <None Include="res\arrow.fs" />
    <None Include="src\libdxf\libdxf.pc.in" />
    <None Include="src\libdxf\Makefile.am" />
  </ItemGroup>
  <ItemGroup>
    <Natvis Include="3rdparty\imgui\imgui\misc\debuggers\imgui.natvis" />
  </ItemGroup>
</Project>