
Microsoft Visual Studio Solution File, Format Version 12.00
# Visual Studio Version 17
VisualStudioVersion = 17.8.34330.188
MinimumVisualStudioVersion = 10.0.40219.1
Project("{8BC9CEB8-8B4A-11D0-8D11-00A0C91BC942}") = "Project1", "Project1\Project1.vcxproj", "{B2148ADE-FE2F-41AF-9C1E-D140E5F80475}"
EndProject
Global
	GlobalSection(SolutionConfigurationPlatforms) = preSolution
		Debug|x64 = Debug|x64
		Debug|x86 = Debug|x86
		Release|x64 = Release|x64
		Release|x86 = Release|x86
	EndGlobalSection
	GlobalSection(ProjectConfigurationPlatforms) = postSolution
		{B2148ADE-FE2F-41AF-9C1E-D140E5F80475}.Debug|x64.ActiveCfg = Debug|x64
		{B2148ADE-FE2F-41AF-9C1E-D140E5F80475}.Debug|x64.Build.0 = Debug|x64
		{B2148ADE-FE2F-41AF-9C1E-D140E5F80475}.Debug|x86.ActiveCfg = Debug|Win32
		{B2148ADE-FE2F-41AF-9C1E-D140E5F80475}.Debug|x86.Build.0 = Debug|Win32
		{B2148ADE-FE2F-41AF-9C1E-D140E5F80475}.Release|x64.ActiveCfg = Release|x64
		{B2148ADE-FE2F-41AF-9C1E-D140E5F80475}.Release|x64.Build.0 = Release|x64
		{B2148ADE-FE2F-41AF-9C1E-D140E5F80475}.Release|x86.ActiveCfg = Release|Win32
		{B2148ADE-FE2F-41AF-9C1E-D140E5F80475}.Release|x86.Build.0 = Release|Win32
	EndGlobalSection
	GlobalSection(SolutionProperties) = preSolution
		HideSolutionNode = FALSE
	EndGlobalSection
	GlobalSection(ExtensibilityGlobals) = postSolution
		SolutionGuid = {4E107245-AD9E-4D83-9590-D71E8D650682}
	EndGlobalSection
EndGlobal
